
Microsoft Visual Studio Solution File, Format Version 12.00
# Visual Studio 15
VisualStudioVersion = 15.0.27428.2027
MinimumVisualStudioVersion = 10.0.40219.1
Project("{FAE04EC0-301F-11D3-BF4B-00C04F79EFBC}") = "aspPractice", "aspPractice\aspPractice.csproj", "{DEBD8B85-AD86-4B7B-B940-41DCCCF51D76}"
EndProject
Global
	GlobalSection(SolutionConfigurationPlatforms) = preSolution
		Debug|Any CPU = Debug|Any CPU
		Release|Any CPU = Release|Any CPU
	EndGlobalSection
	GlobalSection(ProjectConfigurationPlatforms) = postSolution
		{DEBD8B85-AD86-4B7B-B940-41DCCCF51D76}.Debug|Any CPU.ActiveCfg = Debug|Any CPU
		{DEBD8B85-AD86-4B7B-B940-41DCCCF51D76}.Debug|Any CPU.Build.0 = Debug|Any CPU
		{DEBD8B85-AD86-4B7B-B940-41DCCCF51D76}.Release|Any CPU.ActiveCfg = Release|Any CPU
		{DEBD8B85-AD86-4B7B-B940-41DCCCF51D76}.Release|Any CPU.Build.0 = Release|Any CPU
	EndGlobalSection
	GlobalSection(SolutionProperties) = preSolution
		HideSolutionNode = FALSE
	EndGlobalSection
	GlobalSection(ExtensibilityGlobals) = postSolution
		SolutionGuid = {8282B018-3D4A-422B-8216-760334AF9981}
	EndGlobalSection
EndGlobal
